
Microsoft Visual Studio Solution File, Format Version 12.00
# Visual Studio 15
VisualStudioVersion = 15.0.28010.2050
MinimumVisualStudioVersion = 10.0.40219.1
Project("{FAE04EC0-301F-11D3-BF4B-00C04F79EFBC}") = "Jour1", "Jour1\Jour1.csproj", "{44F50F5A-9EBC-4CFF-84E3-137BD0137F38}"
EndProject
Project("{FAE04EC0-301F-11D3-BF4B-00C04F79EFBC}") = "Exercice02", "Exercice02\Exercice02.csproj", "{66F234E8-B7B9-4B8B-A9BA-5FE37A7CA90C}"
EndProject
Project("{FAE04EC0-301F-11D3-BF4B-00C04F79EFBC}") = "Exercice03", "Exercice03\Exercice03.csproj", "{A8E275BA-08A8-42A3-976B-4494A0BBB028}"
EndProject
Project("{FAE04EC0-301F-11D3-BF4B-00C04F79EFBC}") = "Exercice04", "Exercice04\Exercice04.csproj", "{E8286AC7-4694-4697-A2BB-24B384E42CBB}"
EndProject
Project("{FAE04EC0-301F-11D3-BF4B-00C04F79EFBC}") = "Exercice005", "Exercice005\Exercice005.csproj", "{0D2C6D9C-1656-49B6-B56A-69F02FD55A8F}"
EndProject
Project("{FAE04EC0-301F-11D3-BF4B-00C04F79EFBC}") = "Exercice06", "Exercice06\Exercice06.csproj", "{95E74C23-2764-4F75-B1B7-7FFF38AB96EB}"
EndProject
Project("{FAE04EC0-301F-11D3-BF4B-00C04F79EFBC}") = "Exercice 07", "Exercice 07\Exercice 07.csproj", "{5C1AF285-509C-49FA-9B28-99E87029ED6A}"
EndProject
Project("{FAE04EC0-301F-11D3-BF4B-00C04F79EFBC}") = "Exercice08", "Exercice08\Exercice08.csproj", "{18F4FA43-7AE4-4B5D-B023-1154123549A4}"
EndProject
Global
	GlobalSection(SolutionConfigurationPlatforms) = preSolution
		Debug|Any CPU = Debug|Any CPU
		Release|Any CPU = Release|Any CPU
	EndGlobalSection
	GlobalSection(ProjectConfigurationPlatforms) = postSolution
		{44F50F5A-9EBC-4CFF-84E3-137BD0137F38}.Debug|Any CPU.ActiveCfg = Debug|Any CPU
		{44F50F5A-9EBC-4CFF-84E3-137BD0137F38}.Debug|Any CPU.Build.0 = Debug|Any CPU
		{44F50F5A-9EBC-4CFF-84E3-137BD0137F38}.Release|Any CPU.ActiveCfg = Release|Any CPU
		{44F50F5A-9EBC-4CFF-84E3-137BD0137F38}.Release|Any CPU.Build.0 = Release|Any CPU
		{66F234E8-B7B9-4B8B-A9BA-5FE37A7CA90C}.Debug|Any CPU.ActiveCfg = Debug|Any CPU
		{66F234E8-B7B9-4B8B-A9BA-5FE37A7CA90C}.Debug|Any CPU.Build.0 = Debug|Any CPU
		{66F234E8-B7B9-4B8B-A9BA-5FE37A7CA90C}.Release|Any CPU.ActiveCfg = Release|Any CPU
		{66F234E8-B7B9-4B8B-A9BA-5FE37A7CA90C}.Release|Any CPU.Build.0 = Release|Any CPU
		{A8E275BA-08A8-42A3-976B-4494A0BBB028}.Debug|Any CPU.ActiveCfg = Debug|Any CPU
		{A8E275BA-08A8-42A3-976B-4494A0BBB028}.Debug|Any CPU.Build.0 = Debug|Any CPU
		{A8E275BA-08A8-42A3-976B-4494A0BBB028}.Release|Any CPU.ActiveCfg = Release|Any CPU
		{A8E275BA-08A8-42A3-976B-4494A0BBB028}.Release|Any CPU.Build.0 = Release|Any CPU
		{E8286AC7-4694-4697-A2BB-24B384E42CBB}.Debug|Any CPU.ActiveCfg = Debug|Any CPU
		{E8286AC7-4694-4697-A2BB-24B384E42CBB}.Debug|Any CPU.Build.0 = Debug|Any CPU
		{E8286AC7-4694-4697-A2BB-24B384E42CBB}.Release|Any CPU.ActiveCfg = Release|Any CPU
		{E8286AC7-4694-4697-A2BB-24B384E42CBB}.Release|Any CPU.Build.0 = Release|Any CPU
		{0D2C6D9C-1656-49B6-B56A-69F02FD55A8F}.Debug|Any CPU.ActiveCfg = Debug|Any CPU
		{0D2C6D9C-1656-49B6-B56A-69F02FD55A8F}.Debug|Any CPU.Build.0 = Debug|Any CPU
		{0D2C6D9C-1656-49B6-B56A-69F02FD55A8F}.Release|Any CPU.ActiveCfg = Release|Any CPU
		{0D2C6D9C-1656-49B6-B56A-69F02FD55A8F}.Release|Any CPU.Build.0 = Release|Any CPU
		{95E74C23-2764-4F75-B1B7-7FFF38AB96EB}.Debug|Any CPU.ActiveCfg = Debug|Any CPU
		{95E74C23-2764-4F75-B1B7-7FFF38AB96EB}.Debug|Any CPU.Build.0 = Debug|Any CPU
		{95E74C23-2764-4F75-B1B7-7FFF38AB96EB}.Release|Any CPU.ActiveCfg = Release|Any CPU
		{95E74C23-2764-4F75-B1B7-7FFF38AB96EB}.Release|Any CPU.Build.0 = Release|Any CPU
		{5C1AF285-509C-49FA-9B28-99E87029ED6A}.Debug|Any CPU.ActiveCfg = Debug|Any CPU
		{5C1AF285-509C-49FA-9B28-99E87029ED6A}.Debug|Any CPU.Build.0 = Debug|Any CPU
		{5C1AF285-509C-49FA-9B28-99E87029ED6A}.Release|Any CPU.ActiveCfg = Release|Any CPU
		{5C1AF285-509C-49FA-9B28-99E87029ED6A}.Release|Any CPU.Build.0 = Release|Any CPU
		{18F4FA43-7AE4-4B5D-B023-1154123549A4}.Debug|Any CPU.ActiveCfg = Debug|Any CPU
		{18F4FA43-7AE4-4B5D-B023-1154123549A4}.Debug|Any CPU.Build.0 = Debug|Any CPU
		{18F4FA43-7AE4-4B5D-B023-1154123549A4}.Release|Any CPU.ActiveCfg = Release|Any CPU
		{18F4FA43-7AE4-4B5D-B023-1154123549A4}.Release|Any CPU.Build.0 = Release|Any CPU
	EndGlobalSection
	GlobalSection(SolutionProperties) = preSolution
		HideSolutionNode = FALSE
	EndGlobalSection
	GlobalSection(ExtensibilityGlobals) = postSolution
		SolutionGuid = {9FDBD798-85E0-48B8-9661-BE4349F3C830}
	EndGlobalSection
EndGlobal
